
Microsoft Visual Studio Solution File, Format Version 12.00
# Visual Studio 15
VisualStudioVersion = 15.0.28307.168
MinimumVisualStudioVersion = 10.0.40219.1
Project("{FAE04EC0-301F-11D3-BF4B-00C04F79EFBC}") = "proj2_twai", "proj2_twai\proj2_twai.csproj", "{FAEF4398-0170-45A2-B766-863B7635FAB9}"
EndProject
Global
	GlobalSection(SolutionConfigurationPlatforms) = preSolution
		Debug|Any CPU = Debug|Any CPU
		Release|Any CPU = Release|Any CPU
	EndGlobalSection
	GlobalSection(ProjectConfigurationPlatforms) = postSolution
		{FAEF4398-0170-45A2-B766-863B7635FAB9}.Debug|Any CPU.ActiveCfg = Debug|Any CPU
		{FAEF4398-0170-45A2-B766-863B7635FAB9}.Debug|Any CPU.Build.0 = Debug|Any CPU
		{FAEF4398-0170-45A2-B766-863B7635FAB9}.Release|Any CPU.ActiveCfg = Release|Any CPU
		{FAEF4398-0170-45A2-B766-863B7635FAB9}.Release|Any CPU.Build.0 = Release|Any CPU
	EndGlobalSection
	GlobalSection(SolutionProperties) = preSolution
		HideSolutionNode = FALSE
	EndGlobalSection
	GlobalSection(ExtensibilityGlobals) = postSolution
		SolutionGuid = {123A08FE-E069-4A8A-AE7D-02AE4DC4EE96}
	EndGlobalSection
EndGlobal
